// !$*UTF8*$!
{
	archiveVersion = 1;
	classes = {
	};
	objectVersion = 50;
	objects = {

/* Begin PBXBuildFile section */
		84607B5926C35EB700386ED9 /* main.swift in Sources */ = {isa = PBXBuildFile; fileRef = 84607B5826C35EB700386ED9 /* main.swift */; };
		84607B6626C3608100386ED9 /* main.swift in Sources */ = {isa = PBXBuildFile; fileRef = 84607B6526C3608100386ED9 /* main.swift */; };
		84607B7326C37AE400386ED9 /* Array.swift in Sources */ = {isa = PBXBuildFile; fileRef = 84607B7226C37AE400386ED9 /* Array.swift */; };
		84607B7526C37B6400386ED9 /* ClassArray.swift in Sources */ = {isa = PBXBuildFile; fileRef = 84607B7426C37B6400386ED9 /* ClassArray.swift */; };
		84607B7A26C3ABFF00386ED9 /* Set.swift in Sources */ = {isa = PBXBuildFile; fileRef = 84607B7826C3ABFF00386ED9 /* Set.swift */; };
		84DCF00226D5E58800DC507A /* StructArray.swift in Sources */ = {isa = PBXBuildFile; fileRef = 84DCF00126D5E58800DC507A /* StructArray.swift */; };
/* End PBXBuildFile section */

/* Begin PBXCopyFilesBuildPhase section */
		84607B5326C35EB700386ED9 /* CopyFiles */ = {
			isa = PBXCopyFilesBuildPhase;
			buildActionMask = 2147483647;
			dstPath = /usr/share/man/man1/;
			dstSubfolderSpec = 0;
			files = (
			);
			runOnlyForDeploymentPostprocessing = 1;
		};
		84607B6126C3608100386ED9 /* CopyFiles */ = {
			isa = PBXCopyFilesBuildPhase;
			buildActionMask = 2147483647;
			dstPath = /usr/share/man/man1/;
			dstSubfolderSpec = 0;
			files = (
			);
			runOnlyForDeploymentPostprocessing = 1;
		};
/* End PBXCopyFilesBuildPhase section */

/* Begin PBXFileReference section */
		84607B5526C35EB700386ED9 /* OwnAlgorithm */ = {isa = PBXFileReference; explicitFileType = "compiled.mach-o.executable"; includeInIndex = 0; path = OwnAlgorithm; sourceTree = BUILT_PRODUCTS_DIR; };
		84607B5826C35EB700386ED9 /* main.swift */ = {isa = PBXFileReference; lastKnownFileType = sourcecode.swift; path = main.swift; sourceTree = "<group>"; };
		84607B6326C3608100386ED9 /* 1_Array */ = {isa = PBXFileReference; explicitFileType = "compiled.mach-o.executable"; includeInIndex = 0; path = 1_Array; sourceTree = BUILT_PRODUCTS_DIR; };
		84607B6526C3608100386ED9 /* main.swift */ = {isa = PBXFileReference; lastKnownFileType = sourcecode.swift; path = main.swift; sourceTree = "<group>"; };
		84607B7226C37AE400386ED9 /* Array.swift */ = {isa = PBXFileReference; fileEncoding = 4; lastKnownFileType = sourcecode.swift; path = Array.swift; sourceTree = "<group>"; };
		84607B7426C37B6400386ED9 /* ClassArray.swift */ = {isa = PBXFileReference; lastKnownFileType = sourcecode.swift; path = ClassArray.swift; sourceTree = "<group>"; };
		84607B7826C3ABFF00386ED9 /* Set.swift */ = {isa = PBXFileReference; fileEncoding = 4; lastKnownFileType = sourcecode.swift; path = Set.swift; sourceTree = "<group>"; };
		84DCF00126D5E58800DC507A /* StructArray.swift */ = {isa = PBXFileReference; fileEncoding = 4; lastKnownFileType = sourcecode.swift; path = StructArray.swift; sourceTree = "<group>"; };
/* End PBXFileReference section */

/* Begin PBXFrameworksBuildPhase section */
		84607B5226C35EB700386ED9 /* Frameworks */ = {
			isa = PBXFrameworksBuildPhase;
			buildActionMask = 2147483647;
			files = (
			);
			runOnlyForDeploymentPostprocessing = 0;
		};
		84607B6026C3608100386ED9 /* Frameworks */ = {
			isa = PBXFrameworksBuildPhase;
			buildActionMask = 2147483647;
			files = (
			);
			runOnlyForDeploymentPostprocessing = 0;
		};
/* End PBXFrameworksBuildPhase section */

/* Begin PBXGroup section */
		84607B4C26C35EB700386ED9 = {
			isa = PBXGroup;
			children = (
				84607B5726C35EB700386ED9 /* OwnAlgorithm */,
				84607B6426C3608100386ED9 /* 1_Array */,
				84607B5626C35EB700386ED9 /* Products */,
			);
			sourceTree = "<group>";
		};
		84607B5626C35EB700386ED9 /* Products */ = {
			isa = PBXGroup;
			children = (
				84607B5526C35EB700386ED9 /* OwnAlgorithm */,
				84607B6326C3608100386ED9 /* 1_Array */,
			);
			name = Products;
			sourceTree = "<group>";
		};
		84607B5726C35EB700386ED9 /* OwnAlgorithm */ = {
			isa = PBXGroup;
			children = (
				84607B5826C35EB700386ED9 /* main.swift */,
			);
			path = OwnAlgorithm;
			sourceTree = "<group>";
		};
		84607B6426C3608100386ED9 /* 1_Array */ = {
			isa = PBXGroup;
			children = (
				84607B6526C3608100386ED9 /* main.swift */,
				84607B7426C37B6400386ED9 /* ClassArray.swift */,
				84DCF00126D5E58800DC507A /* StructArray.swift */,
				84607B7226C37AE400386ED9 /* Array.swift */,
				84607B7826C3ABFF00386ED9 /* Set.swift */,
			);
			path = 1_Array;
			sourceTree = "<group>";
		};
/* End PBXGroup section */

/* Begin PBXNativeTarget section */
		84607B5426C35EB700386ED9 /* OwnAlgorithm */ = {
			isa = PBXNativeTarget;
			buildConfigurationList = 84607B5C26C35EB700386ED9 /* Build configuration list for PBXNativeTarget "OwnAlgorithm" */;
			buildPhases = (
				84607B5126C35EB700386ED9 /* Sources */,
				84607B5226C35EB700386ED9 /* Frameworks */,
				84607B5326C35EB700386ED9 /* CopyFiles */,
			);
			buildRules = (
			);
			dependencies = (
			);
			name = OwnAlgorithm;
			productName = OwnAlgorithm;
			productReference = 84607B5526C35EB700386ED9 /* OwnAlgorithm */;
			productType = "com.apple.product-type.tool";
		};
		84607B6226C3608100386ED9 /* 1_Array */ = {
			isa = PBXNativeTarget;
			buildConfigurationList = 84607B6726C3608100386ED9 /* Build configuration list for PBXNativeTarget "1_Array" */;
			buildPhases = (
				84607B5F26C3608100386ED9 /* Sources */,
				84607B6026C3608100386ED9 /* Frameworks */,
				84607B6126C3608100386ED9 /* CopyFiles */,
			);
			buildRules = (
			);
			dependencies = (
			);
			name = 1_Array;
			productName = 1_Array;
			productReference = 84607B6326C3608100386ED9 /* 1_Array */;
			productType = "com.apple.product-type.tool";
		};
/* End PBXNativeTarget section */

/* Begin PBXProject section */
		84607B4D26C35EB700386ED9 /* Project object */ = {
			isa = PBXProject;
			attributes = {
				LastSwiftUpdateCheck = 1250;
				LastUpgradeCheck = 1250;
				TargetAttributes = {
					84607B5426C35EB700386ED9 = {
						CreatedOnToolsVersion = 12.5.1;
					};
					84607B6226C3608100386ED9 = {
						CreatedOnToolsVersion = 12.5.1;
					};
				};
			};
			buildConfigurationList = 84607B5026C35EB700386ED9 /* Build configuration list for PBXProject "OwnAlgorithm" */;
			compatibilityVersion = "Xcode 9.3";
			developmentRegion = en;
			hasScannedForEncodings = 0;
			knownRegions = (
				en,
				Base,
			);
			mainGroup = 84607B4C26C35EB700386ED9;
			productRefGroup = 84607B5626C35EB700386ED9 /* Products */;
			projectDirPath = "";
			projectRoot = "";
			targets = (
				84607B5426C35EB700386ED9 /* OwnAlgorithm */,
				84607B6226C3608100386ED9 /* 1_Array */,
			);
		};
/* End PBXProject section */

/* Begin PBXSourcesBuildPhase section */
		84607B5126C35EB700386ED9 /* Sources */ = {
			isa = PBXSourcesBuildPhase;
			buildActionMask = 2147483647;
			files = (
				84607B5926C35EB700386ED9 /* main.swift in Sources */,
			);
			runOnlyForDeploymentPostprocessing = 0;
		};
		84607B5F26C3608100386ED9 /* Sources */ = {
			isa = PBXSourcesBuildPhase;
			buildActionMask = 2147483647;
			files = (
				84607B7A26C3ABFF00386ED9 /* Set.swift in Sources */,
				84607B7326C37AE400386ED9 /* Array.swift in Sources */,
				84607B6626C3608100386ED9 /* main.swift in Sources */,
				84DCF00226D5E58800DC507A /* StructArray.swift in Sources */,
				84607B7526C37B6400386ED9 /* ClassArray.swift in Sources */,
			);
			runOnlyForDeploymentPostprocessing = 0;
		};
/* End PBXSourcesBuildPhase section */

/* Begin XCBuildConfiguration section */
		84607B5A26C35EB700386ED9 /* Debug */ = {
			isa = XCBuildConfiguration;
			buildSettings = {
				ALWAYS_SEARCH_USER_PATHS = NO;
				CLANG_ANALYZER_NONNULL = YES;
				CLANG_ANALYZER_NUMBER_OBJECT_CONVERSION = YES_AGGRESSIVE;
				CLANG_CXX_LANGUAGE_STANDARD = "gnu++14";
				CLANG_CXX_LIBRARY = "libc++";
				CLANG_ENABLE_MODULES = YES;
				CLANG_ENABLE_OBJC_ARC = YES;
				CLANG_ENABLE_OBJC_WEAK = YES;
				CLANG_WARN_BLOCK_CAPTURE_AUTORELEASING = YES;
				CLANG_WARN_BOOL_CONVERSION = YES;
				CLANG_WARN_COMMA = YES;
				CLANG_WARN_CONSTANT_CONVERSION = YES;
				CLANG_WARN_DEPRECATED_OBJC_IMPLEMENTATIONS = YES;
				CLANG_WARN_DIRECT_OBJC_ISA_USAGE = YES_ERROR;
				CLANG_WARN_DOCUMENTATION_COMMENTS = YES;
				CLANG_WARN_EMPTY_BODY = YES;
				CLANG_WARN_ENUM_CONVERSION = YES;
				CLANG_WARN_INFINITE_RECURSION = YES;
				CLANG_WARN_INT_CONVERSION = YES;
				CLANG_WARN_NON_LITERAL_NULL_CONVERSION = YES;
				CLANG_WARN_OBJC_IMPLICIT_RETAIN_SELF = YES;
				CLANG_WARN_OBJC_LITERAL_CONVERSION = YES;
				CLANG_WARN_OBJC_ROOT_CLASS = YES_ERROR;
				CLANG_WARN_QUOTED_INCLUDE_IN_FRAMEWORK_HEADER = YES;
				CLANG_WARN_RANGE_LOOP_ANALYSIS = YES;
				CLANG_WARN_STRICT_PROTOTYPES = YES;
				CLANG_WARN_SUSPICIOUS_MOVE = YES;
				CLANG_WARN_UNGUARDED_AVAILABILITY = YES_AGGRESSIVE;
				CLANG_WARN_UNREACHABLE_CODE = YES;
				CLANG_WARN__DUPLICATE_METHOD_MATCH = YES;
				COPY_PHASE_STRIP = NO;
				DEBUG_INFORMATION_FORMAT = dwarf;
				ENABLE_STRICT_OBJC_MSGSEND = YES;
				ENABLE_TESTABILITY = YES;
				GCC_C_LANGUAGE_STANDARD = gnu11;
				GCC_DYNAMIC_NO_PIC = NO;
				GCC_NO_COMMON_BLOCKS = YES;
				GCC_OPTIMIZATION_LEVEL = 0;
				GCC_PREPROCESSOR_DEFINITIONS = (
					"DEBUG=1",
					"$(inherited)",
				);
				GCC_WARN_64_TO_32_BIT_CONVERSION = YES;
				GCC_WARN_ABOUT_RETURN_TYPE = YES_ERROR;
				GCC_WARN_UNDECLARED_SELECTOR = YES;
				GCC_WARN_UNINITIALIZED_AUTOS = YES_AGGRESSIVE;
				GCC_WARN_UNUSED_FUNCTION = YES;
				GCC_WARN_UNUSED_VARIABLE = YES;
				MACOSX_DEPLOYMENT_TARGET = 11.3;
				MTL_ENABLE_DEBUG_INFO = INCLUDE_SOURCE;
				MTL_FAST_MATH = YES;
				ONLY_ACTIVE_ARCH = YES;
				SDKROOT = macosx;
				SWIFT_ACTIVE_COMPILATION_CONDITIONS = DEBUG;
				SWIFT_OPTIMIZATION_LEVEL = "-Onone";
			};
			name = Debug;
		};
		84607B5B26C35EB700386ED9 /* Release */ = {
			isa = XCBuildConfiguration;
			buildSettings = {
				ALWAYS_SEARCH_USER_PATHS = NO;
				CLANG_ANALYZER_NONNULL = YES;
				CLANG_ANALYZER_NUMBER_OBJECT_CONVERSION = YES_AGGRESSIVE;
				CLANG_CXX_LANGUAGE_STANDARD = "gnu++14";
				CLANG_CXX_LIBRARY = "libc++";
				CLANG_ENABLE_MODULES = YES;
				CLANG_ENABLE_OBJC_ARC = YES;
				CLANG_ENABLE_OBJC_WEAK = YES;
				CLANG_WARN_BLOCK_CAPTURE_AUTORELEASING = YES;
				CLANG_WARN_BOOL_CONVERSION = YES;
				CLANG_WARN_COMMA = YES;
				CLANG_WARN_CONSTANT_CONVERSION = YES;
				CLANG_WARN_DEPRECATED_OBJC_IMPLEMENTATIONS = YES;
				CLANG_WARN_DIRECT_OBJC_ISA_USAGE = YES_ERROR;
				CLANG_WARN_DOCUMENTATION_COMMENTS = YES;
				CLANG_WARN_EMPTY_BODY = YES;
				CLANG_WARN_ENUM_CONVERSION = YES;
				CLANG_WARN_INFINITE_RECURSION = YES;
				CLANG_WARN_INT_CONVERSION = YES;
				CLANG_WARN_NON_LITERAL_NULL_CONVERSION = YES;
				CLANG_WARN_OBJC_IMPLICIT_RETAIN_SELF = YES;
				CLANG_WARN_OBJC_LITERAL_CONVERSION = YES;
				CLANG_WARN_OBJC_ROOT_CLASS = YES_ERROR;
				CLANG_WARN_QUOTED_INCLUDE_IN_FRAMEWORK_HEADER = YES;
				CLANG_WARN_RANGE_LOOP_ANALYSIS = YES;
				CLANG_WARN_STRICT_PROTOTYPES = YES;
				CLANG_WARN_SUSPICIOUS_MOVE = YES;
				CLANG_WARN_UNGUARDED_AVAILABILITY = YES_AGGRESSIVE;
				CLANG_WARN_UNREACHABLE_CODE = YES;
				CLANG_WARN__DUPLICATE_METHOD_MATCH = YES;
				COPY_PHASE_STRIP = NO;
				DEBUG_INFORMATION_FORMAT = "dwarf-with-dsym";
				ENABLE_NS_ASSERTIONS = NO;
				ENABLE_STRICT_OBJC_MSGSEND = YES;
				GCC_C_LANGUAGE_STANDARD = gnu11;
				GCC_NO_COMMON_BLOCKS = YES;
				GCC_WARN_64_TO_32_BIT_CONVERSION = YES;
				GCC_WARN_ABOUT_RETURN_TYPE = YES_ERROR;
				GCC_WARN_UNDECLARED_SELECTOR = YES;
				GCC_WARN_UNINITIALIZED_AUTOS = YES_AGGRESSIVE;
				GCC_WARN_UNUSED_FUNCTION = YES;
				GCC_WARN_UNUSED_VARIABLE = YES;
				MACOSX_DEPLOYMENT_TARGET = 11.3;
				MTL_ENABLE_DEBUG_INFO = NO;
				MTL_FAST_MATH = YES;
				SDKROOT = macosx;
				SWIFT_COMPILATION_MODE = wholemodule;
				SWIFT_OPTIMIZATION_LEVEL = "-O";
			};
			name = Release;
		};
		84607B5D26C35EB700386ED9 /* Debug */ = {
			isa = XCBuildConfiguration;
			buildSettings = {
				CODE_SIGN_STYLE = Automatic;
				PRODUCT_NAME = "$(TARGET_NAME)";
				SWIFT_VERSION = 5.0;
			};
			name = Debug;
		};
		84607B5E26C35EB700386ED9 /* Release */ = {
			isa = XCBuildConfiguration;
			buildSettings = {
				CODE_SIGN_STYLE = Automatic;
				PRODUCT_NAME = "$(TARGET_NAME)";
				SWIFT_VERSION = 5.0;
			};
			name = Release;
		};
		84607B6826C3608100386ED9 /* Debug */ = {
			isa = XCBuildConfiguration;
			buildSettings = {
				CODE_SIGN_STYLE = Automatic;
				PRODUCT_NAME = "$(TARGET_NAME)";
				SWIFT_VERSION = 5.0;
			};
			name = Debug;
		};
		84607B6926C3608100386ED9 /* Release */ = {
			isa = XCBuildConfiguration;
			buildSettings = {
				CODE_SIGN_STYLE = Automatic;
				PRODUCT_NAME = "$(TARGET_NAME)";
				SWIFT_VERSION = 5.0;
			};
			name = Release;
		};
/* End XCBuildConfiguration section */

/* Begin XCConfigurationList section */
		84607B5026C35EB700386ED9 /* Build configuration list for PBXProject "OwnAlgorithm" */ = {
			isa = XCConfigurationList;
			buildConfigurations = (
				84607B5A26C35EB700386ED9 /* Debug */,
				84607B5B26C35EB700386ED9 /* Release */,
			);
			defaultConfigurationIsVisible = 0;
			defaultConfigurationName = Release;
		};
		84607B5C26C35EB700386ED9 /* Build configuration list for PBXNativeTarget "OwnAlgorithm" */ = {
			isa = XCConfigurationList;
			buildConfigurations = (
				84607B5D26C35EB700386ED9 /* Debug */,
				84607B5E26C35EB700386ED9 /* Release */,
			);
			defaultConfigurationIsVisible = 0;
			defaultConfigurationName = Release;
		};
		84607B6726C3608100386ED9 /* Build configuration list for PBXNativeTarget "1_Array" */ = {
			isa = XCConfigurationList;
			buildConfigurations = (
				84607B6826C3608100386ED9 /* Debug */,
				84607B6926C3608100386ED9 /* Release */,
			);
			defaultConfigurationIsVisible = 0;
			defaultConfigurationName = Release;
		};
/* End XCConfigurationList section */
	};
	rootObject = 84607B4D26C35EB700386ED9 /* Project object */;
}
