// !$*UTF8*$!
{
	archiveVersion = 1;
	classes = {
	};
	objectVersion = 50;
	objects = {

/* Begin PBXBuildFile section */
		5C58731024B84312008ABCAD /* AppDelegate.swift in Sources */ = {isa = PBXBuildFile; fileRef = 5C58730F24B84312008ABCAD /* AppDelegate.swift */; };
		5C58731224B84312008ABCAD /* SceneDelegate.swift in Sources */ = {isa = PBXBuildFile; fileRef = 5C58731124B84312008ABCAD /* SceneDelegate.swift */; };
		5C58731524B84312008ABCAD /* SwiftUI_Demo.xcdatamodeld in Sources */ = {isa = PBXBuildFile; fileRef = 5C58731324B84312008ABCAD /* SwiftUI_Demo.xcdatamodeld */; };
		5C58731724B84312008ABCAD /* ContentView.swift in Sources */ = {isa = PBXBuildFile; fileRef = 5C58731624B84312008ABCAD /* ContentView.swift */; };
		5C58731924B84317008ABCAD /* Assets.xcassets in Resources */ = {isa = PBXBuildFile; fileRef = 5C58731824B84317008ABCAD /* Assets.xcassets */; };
		5C58731C24B84317008ABCAD /* Preview Assets.xcassets in Resources */ = {isa = PBXBuildFile; fileRef = 5C58731B24B84317008ABCAD /* Preview Assets.xcassets */; };
		5C58731F24B84317008ABCAD /* LaunchScreen.storyboard in Resources */ = {isa = PBXBuildFile; fileRef = 5C58731D24B84317008ABCAD /* LaunchScreen.storyboard */; };
		5C58732A24B84317008ABCAD /* SwiftUI_DemoTests.swift in Sources */ = {isa = PBXBuildFile; fileRef = 5C58732924B84317008ABCAD /* SwiftUI_DemoTests.swift */; };
		5C58733524B84317008ABCAD /* SwiftUI_DemoUITests.swift in Sources */ = {isa = PBXBuildFile; fileRef = 5C58733424B84317008ABCAD /* SwiftUI_DemoUITests.swift */; };
/* End PBXBuildFile section */

/* Begin PBXContainerItemProxy section */
		5C58732624B84317008ABCAD /* PBXContainerItemProxy */ = {
			isa = PBXContainerItemProxy;
			containerPortal = 5C58730424B84312008ABCAD /* Project object */;
			proxyType = 1;
			remoteGlobalIDString = 5C58730B24B84312008ABCAD;
			remoteInfo = "SwiftUI-Demo";
		};
		5C58733124B84317008ABCAD /* PBXContainerItemProxy */ = {
			isa = PBXContainerItemProxy;
			containerPortal = 5C58730424B84312008ABCAD /* Project object */;
			proxyType = 1;
			remoteGlobalIDString = 5C58730B24B84312008ABCAD;
			remoteInfo = "SwiftUI-Demo";
		};
/* End PBXContainerItemProxy section */

/* Begin PBXFileReference section */
		5C58730C24B84312008ABCAD /* SwiftUI-Demo.app */ = {isa = PBXFileReference; explicitFileType = wrapper.application; includeInIndex = 0; path = "SwiftUI-Demo.app"; sourceTree = BUILT_PRODUCTS_DIR; };
		5C58730F24B84312008ABCAD /* AppDelegate.swift */ = {isa = PBXFileReference; lastKnownFileType = sourcecode.swift; path = AppDelegate.swift; sourceTree = "<group>"; };
		5C58731124B84312008ABCAD /* SceneDelegate.swift */ = {isa = PBXFileReference; lastKnownFileType = sourcecode.swift; path = SceneDelegate.swift; sourceTree = "<group>"; };
		5C58731424B84312008ABCAD /* SwiftUI_Demo.xcdatamodel */ = {isa = PBXFileReference; lastKnownFileType = wrapper.xcdatamodel; path = SwiftUI_Demo.xcdatamodel; sourceTree = "<group>"; };
		5C58731624B84312008ABCAD /* ContentView.swift */ = {isa = PBXFileReference; lastKnownFileType = sourcecode.swift; path = ContentView.swift; sourceTree = "<group>"; };
		5C58731824B84317008ABCAD /* Assets.xcassets */ = {isa = PBXFileReference; lastKnownFileType = folder.assetcatalog; path = Assets.xcassets; sourceTree = "<group>"; };
		5C58731B24B84317008ABCAD /* Preview Assets.xcassets */ = {isa = PBXFileReference; lastKnownFileType = folder.assetcatalog; path = "Preview Assets.xcassets"; sourceTree = "<group>"; };
		5C58731E24B84317008ABCAD /* Base */ = {isa = PBXFileReference; lastKnownFileType = file.storyboard; name = Base; path = Base.lproj/LaunchScreen.storyboard; sourceTree = "<group>"; };
		5C58732024B84317008ABCAD /* Info.plist */ = {isa = PBXFileReference; lastKnownFileType = text.plist.xml; path = Info.plist; sourceTree = "<group>"; };
		5C58732524B84317008ABCAD /* SwiftUI-DemoTests.xctest */ = {isa = PBXFileReference; explicitFileType = wrapper.cfbundle; includeInIndex = 0; path = "SwiftUI-DemoTests.xctest"; sourceTree = BUILT_PRODUCTS_DIR; };
		5C58732924B84317008ABCAD /* SwiftUI_DemoTests.swift */ = {isa = PBXFileReference; lastKnownFileType = sourcecode.swift; path = SwiftUI_DemoTests.swift; sourceTree = "<group>"; };
		5C58732B24B84317008ABCAD /* Info.plist */ = {isa = PBXFileReference; lastKnownFileType = text.plist.xml; path = Info.plist; sourceTree = "<group>"; };
		5C58733024B84317008ABCAD /* SwiftUI-DemoUITests.xctest */ = {isa = PBXFileReference; explicitFileType = wrapper.cfbundle; includeInIndex = 0; path = "SwiftUI-DemoUITests.xctest"; sourceTree = BUILT_PRODUCTS_DIR; };
		5C58733424B84317008ABCAD /* SwiftUI_DemoUITests.swift */ = {isa = PBXFileReference; lastKnownFileType = sourcecode.swift; path = SwiftUI_DemoUITests.swift; sourceTree = "<group>"; };
		5C58733624B84317008ABCAD /* Info.plist */ = {isa = PBXFileReference; lastKnownFileType = text.plist.xml; path = Info.plist; sourceTree = "<group>"; };
/* End PBXFileReference section */

/* Begin PBXFrameworksBuildPhase section */
		5C58730924B84312008ABCAD /* Frameworks */ = {
			isa = PBXFrameworksBuildPhase;
			buildActionMask = 2147483647;
			files = (
			);
			runOnlyForDeploymentPostprocessing = 0;
		};
		5C58732224B84317008ABCAD /* Frameworks */ = {
			isa = PBXFrameworksBuildPhase;
			buildActionMask = 2147483647;
			files = (
			);
			runOnlyForDeploymentPostprocessing = 0;
		};
		5C58732D24B84317008ABCAD /* Frameworks */ = {
			isa = PBXFrameworksBuildPhase;
			buildActionMask = 2147483647;
			files = (
			);
			runOnlyForDeploymentPostprocessing = 0;
		};
/* End PBXFrameworksBuildPhase section */

/* Begin PBXGroup section */
		5C58730324B84312008ABCAD = {
			isa = PBXGroup;
			children = (
				5C58730E24B84312008ABCAD /* SwiftUI-Demo */,
				5C58732824B84317008ABCAD /* SwiftUI-DemoTests */,
				5C58733324B84317008ABCAD /* SwiftUI-DemoUITests */,
				5C58730D24B84312008ABCAD /* Products */,
			);
			sourceTree = "<group>";
		};
		5C58730D24B84312008ABCAD /* Products */ = {
			isa = PBXGroup;
			children = (
				5C58730C24B84312008ABCAD /* SwiftUI-Demo.app */,
				5C58732524B84317008ABCAD /* SwiftUI-DemoTests.xctest */,
				5C58733024B84317008ABCAD /* SwiftUI-DemoUITests.xctest */,
			);
			name = Products;
			sourceTree = "<group>";
		};
		5C58730E24B84312008ABCAD /* SwiftUI-Demo */ = {
			isa = PBXGroup;
			children = (
				5C58730F24B84312008ABCAD /* AppDelegate.swift */,
				5C58731124B84312008ABCAD /* SceneDelegate.swift */,
				5C58731624B84312008ABCAD /* ContentView.swift */,
				5C58731824B84317008ABCAD /* Assets.xcassets */,
				5C58731D24B84317008ABCAD /* LaunchScreen.storyboard */,
				5C58732024B84317008ABCAD /* Info.plist */,
				5C58731324B84312008ABCAD /* SwiftUI_Demo.xcdatamodeld */,
				5C58731A24B84317008ABCAD /* Preview Content */,
			);
			path = "SwiftUI-Demo";
			sourceTree = "<group>";
		};
		5C58731A24B84317008ABCAD /* Preview Content */ = {
			isa = PBXGroup;
			children = (
				5C58731B24B84317008ABCAD /* Preview Assets.xcassets */,
			);
			path = "Preview Content";
			sourceTree = "<group>";
		};
		5C58732824B84317008ABCAD /* SwiftUI-DemoTests */ = {
			isa = PBXGroup;
			children = (
				5C58732924B84317008ABCAD /* SwiftUI_DemoTests.swift */,
				5C58732B24B84317008ABCAD /* Info.plist */,
			);
			path = "SwiftUI-DemoTests";
			sourceTree = "<group>";
		};
		5C58733324B84317008ABCAD /* SwiftUI-DemoUITests */ = {
			isa = PBXGroup;
			children = (
				5C58733424B84317008ABCAD /* SwiftUI_DemoUITests.swift */,
				5C58733624B84317008ABCAD /* Info.plist */,
			);
			path = "SwiftUI-DemoUITests";
			sourceTree = "<group>";
		};
/* End PBXGroup section */

/* Begin PBXNativeTarget section */
		5C58730B24B84312008ABCAD /* SwiftUI-Demo */ = {
			isa = PBXNativeTarget;
			buildConfigurationList = 5C58733924B84317008ABCAD /* Build configuration list for PBXNativeTarget "SwiftUI-Demo" */;
			buildPhases = (
				5C58730824B84312008ABCAD /* Sources */,
				5C58730924B84312008ABCAD /* Frameworks */,
				5C58730A24B84312008ABCAD /* Resources */,
			);
			buildRules = (
			);
			dependencies = (
			);
			name = "SwiftUI-Demo";
			productName = "SwiftUI-Demo";
			productReference = 5C58730C24B84312008ABCAD /* SwiftUI-Demo.app */;
			productType = "com.apple.product-type.application";
		};
		5C58732424B84317008ABCAD /* SwiftUI-DemoTests */ = {
			isa = PBXNativeTarget;
			buildConfigurationList = 5C58733C24B84317008ABCAD /* Build configuration list for PBXNativeTarget "SwiftUI-DemoTests" */;
			buildPhases = (
				5C58732124B84317008ABCAD /* Sources */,
				5C58732224B84317008ABCAD /* Frameworks */,
				5C58732324B84317008ABCAD /* Resources */,
			);
			buildRules = (
			);
			dependencies = (
				5C58732724B84317008ABCAD /* PBXTargetDependency */,
			);
			name = "SwiftUI-DemoTests";
			productName = "SwiftUI-DemoTests";
			productReference = 5C58732524B84317008ABCAD /* SwiftUI-DemoTests.xctest */;
			productType = "com.apple.product-type.bundle.unit-test";
		};
		5C58732F24B84317008ABCAD /* SwiftUI-DemoUITests */ = {
			isa = PBXNativeTarget;
			buildConfigurationList = 5C58733F24B84317008ABCAD /* Build configuration list for PBXNativeTarget "SwiftUI-DemoUITests" */;
			buildPhases = (
				5C58732C24B84317008ABCAD /* Sources */,
				5C58732D24B84317008ABCAD /* Frameworks */,
				5C58732E24B84317008ABCAD /* Resources */,
			);
			buildRules = (
			);
			dependencies = (
				5C58733224B84317008ABCAD /* PBXTargetDependency */,
			);
			name = "SwiftUI-DemoUITests";
			productName = "SwiftUI-DemoUITests";
			productReference = 5C58733024B84317008ABCAD /* SwiftUI-DemoUITests.xctest */;
			productType = "com.apple.product-type.bundle.ui-testing";
		};
/* End PBXNativeTarget section */

/* Begin PBXProject section */
		5C58730424B84312008ABCAD /* Project object */ = {
			isa = PBXProject;
			attributes = {
				LastSwiftUpdateCheck = 1150;
				LastUpgradeCheck = 1150;
				ORGANIZATIONNAME = "马成";
				TargetAttributes = {
					5C58730B24B84312008ABCAD = {
						CreatedOnToolsVersion = 11.5;
					};
					5C58732424B84317008ABCAD = {
						CreatedOnToolsVersion = 11.5;
						TestTargetID = 5C58730B24B84312008ABCAD;
					};
					5C58732F24B84317008ABCAD = {
						CreatedOnToolsVersion = 11.5;
						TestTargetID = 5C58730B24B84312008ABCAD;
					};
				};
			};
			buildConfigurationList = 5C58730724B84312008ABCAD /* Build configuration list for PBXProject "SwiftUI-Demo" */;
			compatibilityVersion = "Xcode 9.3";
			developmentRegion = en;
			hasScannedForEncodings = 0;
			knownRegions = (
				en,
				Base,
			);
			mainGroup = 5C58730324B84312008ABCAD;
			productRefGroup = 5C58730D24B84312008ABCAD /* Products */;
			projectDirPath = "";
			projectRoot = "";
			targets = (
				5C58730B24B84312008ABCAD /* SwiftUI-Demo */,
				5C58732424B84317008ABCAD /* SwiftUI-DemoTests */,
				5C58732F24B84317008ABCAD /* SwiftUI-DemoUITests */,
			);
		};
/* End PBXProject section */

/* Begin PBXResourcesBuildPhase section */
		5C58730A24B84312008ABCAD /* Resources */ = {
			isa = PBXResourcesBuildPhase;
			buildActionMask = 2147483647;
			files = (
				5C58731F24B84317008ABCAD /* LaunchScreen.storyboard in Resources */,
				5C58731C24B84317008ABCAD /* Preview Assets.xcassets in Resources */,
				5C58731924B84317008ABCAD /* Assets.xcassets in Resources */,
			);
			runOnlyForDeploymentPostprocessing = 0;
		};
		5C58732324B84317008ABCAD /* Resources */ = {
			isa = PBXResourcesBuildPhase;
			buildActionMask = 2147483647;
			files = (
			);
			runOnlyForDeploymentPostprocessing = 0;
		};
		5C58732E24B84317008ABCAD /* Resources */ = {
			isa = PBXResourcesBuildPhase;
			buildActionMask = 2147483647;
			files = (
			);
			runOnlyForDeploymentPostprocessing = 0;
		};
/* End PBXResourcesBuildPhase section */

/* Begin PBXSourcesBuildPhase section */
		5C58730824B84312008ABCAD /* Sources */ = {
			isa = PBXSourcesBuildPhase;
			buildActionMask = 2147483647;
			files = (
				5C58731524B84312008ABCAD /* SwiftUI_Demo.xcdatamodeld in Sources */,
				5C58731024B84312008ABCAD /* AppDelegate.swift in Sources */,
				5C58731724B84312008ABCAD /* ContentView.swift in Sources */,
				5C58731224B84312008ABCAD /* SceneDelegate.swift in Sources */,
			);
			runOnlyForDeploymentPostprocessing = 0;
		};
		5C58732124B84317008ABCAD /* Sources */ = {
			isa = PBXSourcesBuildPhase;
			buildActionMask = 2147483647;
			files = (
				5C58732A24B84317008ABCAD /* SwiftUI_DemoTests.swift in Sources */,
			);
			runOnlyForDeploymentPostprocessing = 0;
		};
		5C58732C24B84317008ABCAD /* Sources */ = {
			isa = PBXSourcesBuildPhase;
			buildActionMask = 2147483647;
			files = (
				5C58733524B84317008ABCAD /* SwiftUI_DemoUITests.swift in Sources */,
			);
			runOnlyForDeploymentPostprocessing = 0;
		};
/* End PBXSourcesBuildPhase section */

/* Begin PBXTargetDependency section */
		5C58732724B84317008ABCAD /* PBXTargetDependency */ = {
			isa = PBXTargetDependency;
			target = 5C58730B24B84312008ABCAD /* SwiftUI-Demo */;
			targetProxy = 5C58732624B84317008ABCAD /* PBXContainerItemProxy */;
		};
		5C58733224B84317008ABCAD /* PBXTargetDependency */ = {
			isa = PBXTargetDependency;
			target = 5C58730B24B84312008ABCAD /* SwiftUI-Demo */;
			targetProxy = 5C58733124B84317008ABCAD /* PBXContainerItemProxy */;
		};
/* End PBXTargetDependency section */

/* Begin PBXVariantGroup section */
		5C58731D24B84317008ABCAD /* LaunchScreen.storyboard */ = {
			isa = PBXVariantGroup;
			children = (
				5C58731E24B84317008ABCAD /* Base */,
			);
			name = LaunchScreen.storyboard;
			sourceTree = "<group>";
		};
/* End PBXVariantGroup section */

/* Begin XCBuildConfiguration section */
		5C58733724B84317008ABCAD /* Debug */ = {
			isa = XCBuildConfiguration;
			buildSettings = {
				ALWAYS_SEARCH_USER_PATHS = NO;
				CLANG_ANALYZER_NONNULL = YES;
				CLANG_ANALYZER_NUMBER_OBJECT_CONVERSION = YES_AGGRESSIVE;
				CLANG_CXX_LANGUAGE_STANDARD = "gnu++14";
				CLANG_CXX_LIBRARY = "libc++";
				CLANG_ENABLE_MODULES = YES;
				CLANG_ENABLE_OBJC_ARC = YES;
				CLANG_ENABLE_OBJC_WEAK = YES;
				CLANG_WARN_BLOCK_CAPTURE_AUTORELEASING = YES;
				CLANG_WARN_BOOL_CONVERSION = YES;
				CLANG_WARN_COMMA = YES;
				CLANG_WARN_CONSTANT_CONVERSION = YES;
				CLANG_WARN_DEPRECATED_OBJC_IMPLEMENTATIONS = YES;
				CLANG_WARN_DIRECT_OBJC_ISA_USAGE = YES_ERROR;
				CLANG_WARN_DOCUMENTATION_COMMENTS = YES;
				CLANG_WARN_EMPTY_BODY = YES;
				CLANG_WARN_ENUM_CONVERSION = YES;
				CLANG_WARN_INFINITE_RECURSION = YES;
				CLANG_WARN_INT_CONVERSION = YES;
				CLANG_WARN_NON_LITERAL_NULL_CONVERSION = YES;
				CLANG_WARN_OBJC_IMPLICIT_RETAIN_SELF = YES;
				CLANG_WARN_OBJC_LITERAL_CONVERSION = YES;
				CLANG_WARN_OBJC_ROOT_CLASS = YES_ERROR;
				CLANG_WARN_RANGE_LOOP_ANALYSIS = YES;
				CLANG_WARN_STRICT_PROTOTYPES = YES;
				CLANG_WARN_SUSPICIOUS_MOVE = YES;
				CLANG_WARN_UNGUARDED_AVAILABILITY = YES_AGGRESSIVE;
				CLANG_WARN_UNREACHABLE_CODE = YES;
				CLANG_WARN__DUPLICATE_METHOD_MATCH = YES;
				COPY_PHASE_STRIP = NO;
				DEBUG_INFORMATION_FORMAT = dwarf;
				ENABLE_STRICT_OBJC_MSGSEND = YES;
				ENABLE_TESTABILITY = YES;
				GCC_C_LANGUAGE_STANDARD = gnu11;
				GCC_DYNAMIC_NO_PIC = NO;
				GCC_NO_COMMON_BLOCKS = YES;
				GCC_OPTIMIZATION_LEVEL = 0;
				GCC_PREPROCESSOR_DEFINITIONS = (
					"DEBUG=1",
					"$(inherited)",
				);
				GCC_WARN_64_TO_32_BIT_CONVERSION = YES;
				GCC_WARN_ABOUT_RETURN_TYPE = YES_ERROR;
				GCC_WARN_UNDECLARED_SELECTOR = YES;
				GCC_WARN_UNINITIALIZED_AUTOS = YES_AGGRESSIVE;
				GCC_WARN_UNUSED_FUNCTION = YES;
				GCC_WARN_UNUSED_VARIABLE = YES;
				IPHONEOS_DEPLOYMENT_TARGET = 13.5;
				MTL_ENABLE_DEBUG_INFO = INCLUDE_SOURCE;
				MTL_FAST_MATH = YES;
				ONLY_ACTIVE_ARCH = YES;
				SDKROOT = iphoneos;
				SWIFT_ACTIVE_COMPILATION_CONDITIONS = DEBUG;
				SWIFT_OPTIMIZATION_LEVEL = "-Onone";
			};
			name = Debug;
		};
		5C58733824B84317008ABCAD /* Release */ = {
			isa = XCBuildConfiguration;
			buildSettings = {
				ALWAYS_SEARCH_USER_PATHS = NO;
				CLANG_ANALYZER_NONNULL = YES;
				CLANG_ANALYZER_NUMBER_OBJECT_CONVERSION = YES_AGGRESSIVE;
				CLANG_CXX_LANGUAGE_STANDARD = "gnu++14";
				CLANG_CXX_LIBRARY = "libc++";
				CLANG_ENABLE_MODULES = YES;
				CLANG_ENABLE_OBJC_ARC = YES;
				CLANG_ENABLE_OBJC_WEAK = YES;
				CLANG_WARN_BLOCK_CAPTURE_AUTORELEASING = YES;
				CLANG_WARN_BOOL_CONVERSION = YES;
				CLANG_WARN_COMMA = YES;
				CLANG_WARN_CONSTANT_CONVERSION = YES;
				CLANG_WARN_DEPRECATED_OBJC_IMPLEMENTATIONS = YES;
				CLANG_WARN_DIRECT_OBJC_ISA_USAGE = YES_ERROR;
				CLANG_WARN_DOCUMENTATION_COMMENTS = YES;
				CLANG_WARN_EMPTY_BODY = YES;
				CLANG_WARN_ENUM_CONVERSION = YES;
				CLANG_WARN_INFINITE_RECURSION = YES;
				CLANG_WARN_INT_CONVERSION = YES;
				CLANG_WARN_NON_LITERAL_NULL_CONVERSION = YES;
				CLANG_WARN_OBJC_IMPLICIT_RETAIN_SELF = YES;
				CLANG_WARN_OBJC_LITERAL_CONVERSION = YES;
				CLANG_WARN_OBJC_ROOT_CLASS = YES_ERROR;
				CLANG_WARN_RANGE_LOOP_ANALYSIS = YES;
				CLANG_WARN_STRICT_PROTOTYPES = YES;
				CLANG_WARN_SUSPICIOUS_MOVE = YES;
				CLANG_WARN_UNGUARDED_AVAILABILITY = YES_AGGRESSIVE;
				CLANG_WARN_UNREACHABLE_CODE = YES;
				CLANG_WARN__DUPLICATE_METHOD_MATCH = YES;
				COPY_PHASE_STRIP = NO;
				DEBUG_INFORMATION_FORMAT = "dwarf-with-dsym";
				ENABLE_NS_ASSERTIONS = NO;
				ENABLE_STRICT_OBJC_MSGSEND = YES;
				GCC_C_LANGUAGE_STANDARD = gnu11;
				GCC_NO_COMMON_BLOCKS = YES;
				GCC_WARN_64_TO_32_BIT_CONVERSION = YES;
				GCC_WARN_ABOUT_RETURN_TYPE = YES_ERROR;
				GCC_WARN_UNDECLARED_SELECTOR = YES;
				GCC_WARN_UNINITIALIZED_AUTOS = YES_AGGRESSIVE;
				GCC_WARN_UNUSED_FUNCTION = YES;
				GCC_WARN_UNUSED_VARIABLE = YES;
				IPHONEOS_DEPLOYMENT_TARGET = 13.5;
				MTL_ENABLE_DEBUG_INFO = NO;
				MTL_FAST_MATH = YES;
				SDKROOT = iphoneos;
				SWIFT_COMPILATION_MODE = wholemodule;
				SWIFT_OPTIMIZATION_LEVEL = "-O";
				VALIDATE_PRODUCT = YES;
			};
			name = Release;
		};
		5C58733A24B84317008ABCAD /* Debug */ = {
			isa = XCBuildConfiguration;
			buildSettings = {
				ASSETCATALOG_COMPILER_APPICON_NAME = AppIcon;
				CODE_SIGN_STYLE = Automatic;
				DEVELOPMENT_ASSET_PATHS = "\"SwiftUI-Demo/Preview Content\"";
				ENABLE_PREVIEWS = YES;
				INFOPLIST_FILE = "SwiftUI-Demo/Info.plist";
				LD_RUNPATH_SEARCH_PATHS = (
					"$(inherited)",
					"@executable_path/Frameworks",
				);
				PRODUCT_BUNDLE_IDENTIFIER = "com.swift.SwiftUI-Demo";
				PRODUCT_NAME = "$(TARGET_NAME)";
				SWIFT_VERSION = 5.0;
				TARGETED_DEVICE_FAMILY = "1,2";
			};
			name = Debug;
		};
		5C58733B24B84317008ABCAD /* Release */ = {
			isa = XCBuildConfiguration;
			buildSettings = {
				ASSETCATALOG_COMPILER_APPICON_NAME = AppIcon;
				CODE_SIGN_STYLE = Automatic;
				DEVELOPMENT_ASSET_PATHS = "\"SwiftUI-Demo/Preview Content\"";
				ENABLE_PREVIEWS = YES;
				INFOPLIST_FILE = "SwiftUI-Demo/Info.plist";
				LD_RUNPATH_SEARCH_PATHS = (
					"$(inherited)",
					"@executable_path/Frameworks",
				);
				PRODUCT_BUNDLE_IDENTIFIER = "com.swift.SwiftUI-Demo";
				PRODUCT_NAME = "$(TARGET_NAME)";
				SWIFT_VERSION = 5.0;
				TARGETED_DEVICE_FAMILY = "1,2";
			};
			name = Release;
		};
		5C58733D24B84317008ABCAD /* Debug */ = {
			isa = XCBuildConfiguration;
			buildSettings = {
				ALWAYS_EMBED_SWIFT_STANDARD_LIBRARIES = YES;
				BUNDLE_LOADER = "$(TEST_HOST)";
				CODE_SIGN_STYLE = Automatic;
				INFOPLIST_FILE = "SwiftUI-DemoTests/Info.plist";
				IPHONEOS_DEPLOYMENT_TARGET = 13.5;
				LD_RUNPATH_SEARCH_PATHS = (
					"$(inherited)",
					"@executable_path/Frameworks",
					"@loader_path/Frameworks",
				);
				PRODUCT_BUNDLE_IDENTIFIER = "com.swift.SwiftUI-DemoTests";
				PRODUCT_NAME = "$(TARGET_NAME)";
				SWIFT_VERSION = 5.0;
				TARGETED_DEVICE_FAMILY = "1,2";
				TEST_HOST = "$(BUILT_PRODUCTS_DIR)/SwiftUI-Demo.app/SwiftUI-Demo";
			};
			name = Debug;
		};
		5C58733E24B84317008ABCAD /* Release */ = {
			isa = XCBuildConfiguration;
			buildSettings = {
				ALWAYS_EMBED_SWIFT_STANDARD_LIBRARIES = YES;
				BUNDLE_LOADER = "$(TEST_HOST)";
				CODE_SIGN_STYLE = Automatic;
				INFOPLIST_FILE = "SwiftUI-DemoTests/Info.plist";
				IPHONEOS_DEPLOYMENT_TARGET = 13.5;
				LD_RUNPATH_SEARCH_PATHS = (
					"$(inherited)",
					"@executable_path/Frameworks",
					"@loader_path/Frameworks",
				);
				PRODUCT_BUNDLE_IDENTIFIER = "com.swift.SwiftUI-DemoTests";
				PRODUCT_NAME = "$(TARGET_NAME)";
				SWIFT_VERSION = 5.0;
				TARGETED_DEVICE_FAMILY = "1,2";
				TEST_HOST = "$(BUILT_PRODUCTS_DIR)/SwiftUI-Demo.app/SwiftUI-Demo";
			};
			name = Release;
		};
		5C58734024B84317008ABCAD /* Debug */ = {
			isa = XCBuildConfiguration;
			buildSettings = {
				ALWAYS_EMBED_SWIFT_STANDARD_LIBRARIES = YES;
				CODE_SIGN_STYLE = Automatic;
				INFOPLIST_FILE = "SwiftUI-DemoUITests/Info.plist";
				LD_RUNPATH_SEARCH_PATHS = (
					"$(inherited)",
					"@executable_path/Frameworks",
					"@loader_path/Frameworks",
				);
				PRODUCT_BUNDLE_IDENTIFIER = "com.swift.SwiftUI-DemoUITests";
				PRODUCT_NAME = "$(TARGET_NAME)";
				SWIFT_VERSION = 5.0;
				TARGETED_DEVICE_FAMILY = "1,2";
				TEST_TARGET_NAME = "SwiftUI-Demo";
			};
			name = Debug;
		};
		5C58734124B84317008ABCAD /* Release */ = {
			isa = XCBuildConfiguration;
			buildSettings = {
				ALWAYS_EMBED_SWIFT_STANDARD_LIBRARIES = YES;
				CODE_SIGN_STYLE = Automatic;
				INFOPLIST_FILE = "SwiftUI-DemoUITests/Info.plist";
				LD_RUNPATH_SEARCH_PATHS = (
					"$(inherited)",
					"@executable_path/Frameworks",
					"@loader_path/Frameworks",
				);
				PRODUCT_BUNDLE_IDENTIFIER = "com.swift.SwiftUI-DemoUITests";
				PRODUCT_NAME = "$(TARGET_NAME)";
				SWIFT_VERSION = 5.0;
				TARGETED_DEVICE_FAMILY = "1,2";
				TEST_TARGET_NAME = "SwiftUI-Demo";
			};
			name = Release;
		};
/* End XCBuildConfiguration section */

/* Begin XCConfigurationList section */
		5C58730724B84312008ABCAD /* Build configuration list for PBXProject "SwiftUI-Demo" */ = {
			isa = XCConfigurationList;
			buildConfigurations = (
				5C58733724B84317008ABCAD /* Debug */,
				5C58733824B84317008ABCAD /* Release */,
			);
			defaultConfigurationIsVisible = 0;
			defaultConfigurationName = Release;
		};
		5C58733924B84317008ABCAD /* Build configuration list for PBXNativeTarget "SwiftUI-Demo" */ = {
			isa = XCConfigurationList;
			buildConfigurations = (
				5C58733A24B84317008ABCAD /* Debug */,
				5C58733B24B84317008ABCAD /* Release */,
			);
			defaultConfigurationIsVisible = 0;
			defaultConfigurationName = Release;
		};
		5C58733C24B84317008ABCAD /* Build configuration list for PBXNativeTarget "SwiftUI-DemoTests" */ = {
			isa = XCConfigurationList;
			buildConfigurations = (
				5C58733D24B84317008ABCAD /* Debug */,
				5C58733E24B84317008ABCAD /* Release */,
			);
			defaultConfigurationIsVisible = 0;
			defaultConfigurationName = Release;
		};
		5C58733F24B84317008ABCAD /* Build configuration list for PBXNativeTarget "SwiftUI-DemoUITests" */ = {
			isa = XCConfigurationList;
			buildConfigurations = (
				5C58734024B84317008ABCAD /* Debug */,
				5C58734124B84317008ABCAD /* Release */,
			);
			defaultConfigurationIsVisible = 0;
			defaultConfigurationName = Release;
		};
/* End XCConfigurationList section */

/* Begin XCVersionGroup section */
		5C58731324B84312008ABCAD /* SwiftUI_Demo.xcdatamodeld */ = {
			isa = XCVersionGroup;
			children = (
				5C58731424B84312008ABCAD /* SwiftUI_Demo.xcdatamodel */,
			);
			currentVersion = 5C58731424B84312008ABCAD /* SwiftUI_Demo.xcdatamodel */;
			path = SwiftUI_Demo.xcdatamodeld;
			sourceTree = "<group>";
			versionGroupType = wrapper.xcdatamodel;
		};
/* End XCVersionGroup section */
	};
	rootObject = 5C58730424B84312008ABCAD /* Project object */;
}
