// !$*UTF8*$!
{
	archiveVersion = 1;
	classes = {
	};
	objectVersion = 48;
	objects = {

/* Begin PBXBuildFile section */
		423CA2BB1F8E061400EA0756 /* AppDelegate.swift in Sources */ = {isa = PBXBuildFile; fileRef = 423CA2BA1F8E061400EA0756 /* AppDelegate.swift */; };
		423CA2BD1F8E061400EA0756 /* ViewController.swift in Sources */ = {isa = PBXBuildFile; fileRef = 423CA2BC1F8E061400EA0756 /* ViewController.swift */; };
		423CA2C01F8E061400EA0756 /* Main.storyboard in Resources */ = {isa = PBXBuildFile; fileRef = 423CA2BE1F8E061400EA0756 /* Main.storyboard */; };
		423CA2C21F8E061400EA0756 /* Assets.xcassets in Resources */ = {isa = PBXBuildFile; fileRef = 423CA2C11F8E061400EA0756 /* Assets.xcassets */; };
		423CA2C51F8E061400EA0756 /* LaunchScreen.storyboard in Resources */ = {isa = PBXBuildFile; fileRef = 423CA2C31F8E061400EA0756 /* LaunchScreen.storyboard */; };
		423CA2D01F8E061400EA0756 /* _2_swift__UI__Tests.swift in Sources */ = {isa = PBXBuildFile; fileRef = 423CA2CF1F8E061400EA0756 /* _2_swift__UI__Tests.swift */; };
		423CA2DB1F8E061400EA0756 /* _2_swift__UI__UITests.swift in Sources */ = {isa = PBXBuildFile; fileRef = 423CA2DA1F8E061400EA0756 /* _2_swift__UI__UITests.swift */; };
		426CA2B7225AE8DE00CAB884 /* OneViewController.swift in Sources */ = {isa = PBXBuildFile; fileRef = 426CA2B6225AE8DE00CAB884 /* OneViewController.swift */; };
		426CA2B9225AE8EC00CAB884 /* TwoViewController.swift in Sources */ = {isa = PBXBuildFile; fileRef = 426CA2B8225AE8EC00CAB884 /* TwoViewController.swift */; };
		426CA2BB225AE8F600CAB884 /* ThreeViewController.swift in Sources */ = {isa = PBXBuildFile; fileRef = 426CA2BA225AE8F600CAB884 /* ThreeViewController.swift */; };
/* End PBXBuildFile section */

/* Begin PBXContainerItemProxy section */
		423CA2CC1F8E061400EA0756 /* PBXContainerItemProxy */ = {
			isa = PBXContainerItemProxy;
			containerPortal = 423CA2AF1F8E061400EA0756 /* Project object */;
			proxyType = 1;
			remoteGlobalIDString = 423CA2B61F8E061400EA0756;
			remoteInfo = "12_swift基础UI练习";
		};
		423CA2D71F8E061400EA0756 /* PBXContainerItemProxy */ = {
			isa = PBXContainerItemProxy;
			containerPortal = 423CA2AF1F8E061400EA0756 /* Project object */;
			proxyType = 1;
			remoteGlobalIDString = 423CA2B61F8E061400EA0756;
			remoteInfo = "12_swift基础UI练习";
		};
/* End PBXContainerItemProxy section */

/* Begin PBXFileReference section */
		423CA2B71F8E061400EA0756 /* 12_swift基础UI练习.app */ = {isa = PBXFileReference; explicitFileType = wrapper.application; includeInIndex = 0; path = "12_swift基础UI练习.app"; sourceTree = BUILT_PRODUCTS_DIR; };
		423CA2BA1F8E061400EA0756 /* AppDelegate.swift */ = {isa = PBXFileReference; lastKnownFileType = sourcecode.swift; path = AppDelegate.swift; sourceTree = "<group>"; };
		423CA2BC1F8E061400EA0756 /* ViewController.swift */ = {isa = PBXFileReference; lastKnownFileType = sourcecode.swift; path = ViewController.swift; sourceTree = "<group>"; };
		423CA2BF1F8E061400EA0756 /* Base */ = {isa = PBXFileReference; lastKnownFileType = file.storyboard; name = Base; path = Base.lproj/Main.storyboard; sourceTree = "<group>"; };
		423CA2C11F8E061400EA0756 /* Assets.xcassets */ = {isa = PBXFileReference; lastKnownFileType = folder.assetcatalog; path = Assets.xcassets; sourceTree = "<group>"; };
		423CA2C41F8E061400EA0756 /* Base */ = {isa = PBXFileReference; lastKnownFileType = file.storyboard; name = Base; path = Base.lproj/LaunchScreen.storyboard; sourceTree = "<group>"; };
		423CA2C61F8E061400EA0756 /* Info.plist */ = {isa = PBXFileReference; lastKnownFileType = text.plist.xml; path = Info.plist; sourceTree = "<group>"; };
		423CA2CB1F8E061400EA0756 /* 12_swift基础UI练习Tests.xctest */ = {isa = PBXFileReference; explicitFileType = wrapper.cfbundle; includeInIndex = 0; path = "12_swift基础UI练习Tests.xctest"; sourceTree = BUILT_PRODUCTS_DIR; };
		423CA2CF1F8E061400EA0756 /* _2_swift__UI__Tests.swift */ = {isa = PBXFileReference; lastKnownFileType = sourcecode.swift; path = _2_swift__UI__Tests.swift; sourceTree = "<group>"; };
		423CA2D11F8E061400EA0756 /* Info.plist */ = {isa = PBXFileReference; lastKnownFileType = text.plist.xml; path = Info.plist; sourceTree = "<group>"; };
		423CA2D61F8E061400EA0756 /* 12_swift基础UI练习UITests.xctest */ = {isa = PBXFileReference; explicitFileType = wrapper.cfbundle; includeInIndex = 0; path = "12_swift基础UI练习UITests.xctest"; sourceTree = BUILT_PRODUCTS_DIR; };
		423CA2DA1F8E061400EA0756 /* _2_swift__UI__UITests.swift */ = {isa = PBXFileReference; lastKnownFileType = sourcecode.swift; path = _2_swift__UI__UITests.swift; sourceTree = "<group>"; };
		423CA2DC1F8E061400EA0756 /* Info.plist */ = {isa = PBXFileReference; lastKnownFileType = text.plist.xml; path = Info.plist; sourceTree = "<group>"; };
		426CA2AB225ADC3800CAB884 /* 9_类，属性和方法.playground */ = {isa = PBXFileReference; lastKnownFileType = file.playground; path = "9_类，属性和方法.playground"; sourceTree = "<group>"; xcLanguageSpecificationIdentifier = xcode.lang.swift; };
		426CA2AD225ADC3800CAB884 /* 10_下标脚本，继承.playground */ = {isa = PBXFileReference; lastKnownFileType = file.playground; path = "10_下标脚本，继承.playground"; sourceTree = "<group>"; xcLanguageSpecificationIdentifier = xcode.lang.swift; };
		426CA2AF225ADC3900CAB884 /* 11_构造和析构.playground */ = {isa = PBXFileReference; lastKnownFileType = file.playground; path = "11_构造和析构.playground"; sourceTree = "<group>"; xcLanguageSpecificationIdentifier = xcode.lang.swift; };
		426CA2B6225AE8DE00CAB884 /* OneViewController.swift */ = {isa = PBXFileReference; lastKnownFileType = sourcecode.swift; path = OneViewController.swift; sourceTree = "<group>"; };
		426CA2B8225AE8EC00CAB884 /* TwoViewController.swift */ = {isa = PBXFileReference; lastKnownFileType = sourcecode.swift; path = TwoViewController.swift; sourceTree = "<group>"; };
		426CA2BA225AE8F600CAB884 /* ThreeViewController.swift */ = {isa = PBXFileReference; lastKnownFileType = sourcecode.swift; path = ThreeViewController.swift; sourceTree = "<group>"; };
/* End PBXFileReference section */

/* Begin PBXFrameworksBuildPhase section */
		423CA2B41F8E061400EA0756 /* Frameworks */ = {
			isa = PBXFrameworksBuildPhase;
			buildActionMask = 2147483647;
			files = (
			);
			runOnlyForDeploymentPostprocessing = 0;
		};
		423CA2C81F8E061400EA0756 /* Frameworks */ = {
			isa = PBXFrameworksBuildPhase;
			buildActionMask = 2147483647;
			files = (
			);
			runOnlyForDeploymentPostprocessing = 0;
		};
		423CA2D31F8E061400EA0756 /* Frameworks */ = {
			isa = PBXFrameworksBuildPhase;
			buildActionMask = 2147483647;
			files = (
			);
			runOnlyForDeploymentPostprocessing = 0;
		};
/* End PBXFrameworksBuildPhase section */

/* Begin PBXGroup section */
		423CA2AE1F8E061400EA0756 = {
			isa = PBXGroup;
			children = (
				423CA2B91F8E061400EA0756 /* 12_swift基础UI练习 */,
				423CA2CE1F8E061400EA0756 /* 12_swift基础UI练习Tests */,
				423CA2D91F8E061400EA0756 /* 12_swift基础UI练习UITests */,
				423CA2B81F8E061400EA0756 /* Products */,
			);
			sourceTree = "<group>";
		};
		423CA2B81F8E061400EA0756 /* Products */ = {
			isa = PBXGroup;
			children = (
				423CA2B71F8E061400EA0756 /* 12_swift基础UI练习.app */,
				423CA2CB1F8E061400EA0756 /* 12_swift基础UI练习Tests.xctest */,
				423CA2D61F8E061400EA0756 /* 12_swift基础UI练习UITests.xctest */,
			);
			name = Products;
			sourceTree = "<group>";
		};
		423CA2B91F8E061400EA0756 /* 12_swift基础UI练习 */ = {
			isa = PBXGroup;
			children = (
				426CA2A5225ADC1100CAB884 /* playground练习模块 */,
				423CA2BA1F8E061400EA0756 /* AppDelegate.swift */,
				423CA2BC1F8E061400EA0756 /* ViewController.swift */,
				426CA2B6225AE8DE00CAB884 /* OneViewController.swift */,
				426CA2B8225AE8EC00CAB884 /* TwoViewController.swift */,
				426CA2BA225AE8F600CAB884 /* ThreeViewController.swift */,
				423CA2BE1F8E061400EA0756 /* Main.storyboard */,
				423CA2C11F8E061400EA0756 /* Assets.xcassets */,
				423CA2C31F8E061400EA0756 /* LaunchScreen.storyboard */,
				423CA2C61F8E061400EA0756 /* Info.plist */,
			);
			path = "12_swift基础UI练习";
			sourceTree = "<group>";
		};
		423CA2CE1F8E061400EA0756 /* 12_swift基础UI练习Tests */ = {
			isa = PBXGroup;
			children = (
				423CA2CF1F8E061400EA0756 /* _2_swift__UI__Tests.swift */,
				423CA2D11F8E061400EA0756 /* Info.plist */,
			);
			path = "12_swift基础UI练习Tests";
			sourceTree = "<group>";
		};
		423CA2D91F8E061400EA0756 /* 12_swift基础UI练习UITests */ = {
			isa = PBXGroup;
			children = (
				423CA2DA1F8E061400EA0756 /* _2_swift__UI__UITests.swift */,
				423CA2DC1F8E061400EA0756 /* Info.plist */,
			);
			path = "12_swift基础UI练习UITests";
			sourceTree = "<group>";
		};
		426CA2A5225ADC1100CAB884 /* playground练习模块 */ = {
			isa = PBXGroup;
			children = (
				426CA2AB225ADC3800CAB884 /* 9_类，属性和方法.playground */,
				426CA2AD225ADC3800CAB884 /* 10_下标脚本，继承.playground */,
				426CA2AF225ADC3900CAB884 /* 11_构造和析构.playground */,
			);
			path = "playground练习模块";
			sourceTree = "<group>";
		};
/* End PBXGroup section */

/* Begin PBXNativeTarget section */
		423CA2B61F8E061400EA0756 /* 12_swift基础UI练习 */ = {
			isa = PBXNativeTarget;
			buildConfigurationList = 423CA2DF1F8E061400EA0756 /* Build configuration list for PBXNativeTarget "12_swift基础UI练习" */;
			buildPhases = (
				423CA2B31F8E061400EA0756 /* Sources */,
				423CA2B41F8E061400EA0756 /* Frameworks */,
				423CA2B51F8E061400EA0756 /* Resources */,
			);
			buildRules = (
			);
			dependencies = (
			);
			name = "12_swift基础UI练习";
			productName = "12_swift基础UI练习";
			productReference = 423CA2B71F8E061400EA0756 /* 12_swift基础UI练习.app */;
			productType = "com.apple.product-type.application";
		};
		423CA2CA1F8E061400EA0756 /* 12_swift基础UI练习Tests */ = {
			isa = PBXNativeTarget;
			buildConfigurationList = 423CA2E21F8E061400EA0756 /* Build configuration list for PBXNativeTarget "12_swift基础UI练习Tests" */;
			buildPhases = (
				423CA2C71F8E061400EA0756 /* Sources */,
				423CA2C81F8E061400EA0756 /* Frameworks */,
				423CA2C91F8E061400EA0756 /* Resources */,
			);
			buildRules = (
			);
			dependencies = (
				423CA2CD1F8E061400EA0756 /* PBXTargetDependency */,
			);
			name = "12_swift基础UI练习Tests";
			productName = "12_swift基础UI练习Tests";
			productReference = 423CA2CB1F8E061400EA0756 /* 12_swift基础UI练习Tests.xctest */;
			productType = "com.apple.product-type.bundle.unit-test";
		};
		423CA2D51F8E061400EA0756 /* 12_swift基础UI练习UITests */ = {
			isa = PBXNativeTarget;
			buildConfigurationList = 423CA2E51F8E061400EA0756 /* Build configuration list for PBXNativeTarget "12_swift基础UI练习UITests" */;
			buildPhases = (
				423CA2D21F8E061400EA0756 /* Sources */,
				423CA2D31F8E061400EA0756 /* Frameworks */,
				423CA2D41F8E061400EA0756 /* Resources */,
			);
			buildRules = (
			);
			dependencies = (
				423CA2D81F8E061400EA0756 /* PBXTargetDependency */,
			);
			name = "12_swift基础UI练习UITests";
			productName = "12_swift基础UI练习UITests";
			productReference = 423CA2D61F8E061400EA0756 /* 12_swift基础UI练习UITests.xctest */;
			productType = "com.apple.product-type.bundle.ui-testing";
		};
/* End PBXNativeTarget section */

/* Begin PBXProject section */
		423CA2AF1F8E061400EA0756 /* Project object */ = {
			isa = PBXProject;
			attributes = {
				LastSwiftUpdateCheck = 0900;
				LastUpgradeCheck = 0900;
				ORGANIZATIONNAME = macheng;
				TargetAttributes = {
					423CA2B61F8E061400EA0756 = {
						CreatedOnToolsVersion = 9.0;
						ProvisioningStyle = Automatic;
					};
					423CA2CA1F8E061400EA0756 = {
						CreatedOnToolsVersion = 9.0;
						ProvisioningStyle = Automatic;
						TestTargetID = 423CA2B61F8E061400EA0756;
					};
					423CA2D51F8E061400EA0756 = {
						CreatedOnToolsVersion = 9.0;
						ProvisioningStyle = Automatic;
						TestTargetID = 423CA2B61F8E061400EA0756;
					};
				};
			};
			buildConfigurationList = 423CA2B21F8E061400EA0756 /* Build configuration list for PBXProject "12_swift基础UI练习" */;
			compatibilityVersion = "Xcode 8.0";
			developmentRegion = en;
			hasScannedForEncodings = 0;
			knownRegions = (
				en,
				Base,
			);
			mainGroup = 423CA2AE1F8E061400EA0756;
			productRefGroup = 423CA2B81F8E061400EA0756 /* Products */;
			projectDirPath = "";
			projectRoot = "";
			targets = (
				423CA2B61F8E061400EA0756 /* 12_swift基础UI练习 */,
				423CA2CA1F8E061400EA0756 /* 12_swift基础UI练习Tests */,
				423CA2D51F8E061400EA0756 /* 12_swift基础UI练习UITests */,
			);
		};
/* End PBXProject section */

/* Begin PBXResourcesBuildPhase section */
		423CA2B51F8E061400EA0756 /* Resources */ = {
			isa = PBXResourcesBuildPhase;
			buildActionMask = 2147483647;
			files = (
				423CA2C51F8E061400EA0756 /* LaunchScreen.storyboard in Resources */,
				423CA2C21F8E061400EA0756 /* Assets.xcassets in Resources */,
				423CA2C01F8E061400EA0756 /* Main.storyboard in Resources */,
			);
			runOnlyForDeploymentPostprocessing = 0;
		};
		423CA2C91F8E061400EA0756 /* Resources */ = {
			isa = PBXResourcesBuildPhase;
			buildActionMask = 2147483647;
			files = (
			);
			runOnlyForDeploymentPostprocessing = 0;
		};
		423CA2D41F8E061400EA0756 /* Resources */ = {
			isa = PBXResourcesBuildPhase;
			buildActionMask = 2147483647;
			files = (
			);
			runOnlyForDeploymentPostprocessing = 0;
		};
/* End PBXResourcesBuildPhase section */

/* Begin PBXSourcesBuildPhase section */
		423CA2B31F8E061400EA0756 /* Sources */ = {
			isa = PBXSourcesBuildPhase;
			buildActionMask = 2147483647;
			files = (
				423CA2BD1F8E061400EA0756 /* ViewController.swift in Sources */,
				426CA2BB225AE8F600CAB884 /* ThreeViewController.swift in Sources */,
				426CA2B7225AE8DE00CAB884 /* OneViewController.swift in Sources */,
				426CA2B9225AE8EC00CAB884 /* TwoViewController.swift in Sources */,
				423CA2BB1F8E061400EA0756 /* AppDelegate.swift in Sources */,
			);
			runOnlyForDeploymentPostprocessing = 0;
		};
		423CA2C71F8E061400EA0756 /* Sources */ = {
			isa = PBXSourcesBuildPhase;
			buildActionMask = 2147483647;
			files = (
				423CA2D01F8E061400EA0756 /* _2_swift__UI__Tests.swift in Sources */,
			);
			runOnlyForDeploymentPostprocessing = 0;
		};
		423CA2D21F8E061400EA0756 /* Sources */ = {
			isa = PBXSourcesBuildPhase;
			buildActionMask = 2147483647;
			files = (
				423CA2DB1F8E061400EA0756 /* _2_swift__UI__UITests.swift in Sources */,
			);
			runOnlyForDeploymentPostprocessing = 0;
		};
/* End PBXSourcesBuildPhase section */

/* Begin PBXTargetDependency section */
		423CA2CD1F8E061400EA0756 /* PBXTargetDependency */ = {
			isa = PBXTargetDependency;
			target = 423CA2B61F8E061400EA0756 /* 12_swift基础UI练习 */;
			targetProxy = 423CA2CC1F8E061400EA0756 /* PBXContainerItemProxy */;
		};
		423CA2D81F8E061400EA0756 /* PBXTargetDependency */ = {
			isa = PBXTargetDependency;
			target = 423CA2B61F8E061400EA0756 /* 12_swift基础UI练习 */;
			targetProxy = 423CA2D71F8E061400EA0756 /* PBXContainerItemProxy */;
		};
/* End PBXTargetDependency section */

/* Begin PBXVariantGroup section */
		423CA2BE1F8E061400EA0756 /* Main.storyboard */ = {
			isa = PBXVariantGroup;
			children = (
				423CA2BF1F8E061400EA0756 /* Base */,
			);
			name = Main.storyboard;
			sourceTree = "<group>";
		};
		423CA2C31F8E061400EA0756 /* LaunchScreen.storyboard */ = {
			isa = PBXVariantGroup;
			children = (
				423CA2C41F8E061400EA0756 /* Base */,
			);
			name = LaunchScreen.storyboard;
			sourceTree = "<group>";
		};
/* End PBXVariantGroup section */

/* Begin XCBuildConfiguration section */
		423CA2DD1F8E061400EA0756 /* Debug */ = {
			isa = XCBuildConfiguration;
			buildSettings = {
				ALWAYS_SEARCH_USER_PATHS = NO;
				CLANG_ANALYZER_NONNULL = YES;
				CLANG_ANALYZER_NUMBER_OBJECT_CONVERSION = YES_AGGRESSIVE;
				CLANG_CXX_LANGUAGE_STANDARD = "gnu++14";
				CLANG_CXX_LIBRARY = "libc++";
				CLANG_ENABLE_MODULES = YES;
				CLANG_ENABLE_OBJC_ARC = YES;
				CLANG_WARN_BLOCK_CAPTURE_AUTORELEASING = YES;
				CLANG_WARN_BOOL_CONVERSION = YES;
				CLANG_WARN_COMMA = YES;
				CLANG_WARN_CONSTANT_CONVERSION = YES;
				CLANG_WARN_DIRECT_OBJC_ISA_USAGE = YES_ERROR;
				CLANG_WARN_DOCUMENTATION_COMMENTS = YES;
				CLANG_WARN_EMPTY_BODY = YES;
				CLANG_WARN_ENUM_CONVERSION = YES;
				CLANG_WARN_INFINITE_RECURSION = YES;
				CLANG_WARN_INT_CONVERSION = YES;
				CLANG_WARN_NON_LITERAL_NULL_CONVERSION = YES;
				CLANG_WARN_OBJC_LITERAL_CONVERSION = YES;
				CLANG_WARN_OBJC_ROOT_CLASS = YES_ERROR;
				CLANG_WARN_RANGE_LOOP_ANALYSIS = YES;
				CLANG_WARN_STRICT_PROTOTYPES = YES;
				CLANG_WARN_SUSPICIOUS_MOVE = YES;
				CLANG_WARN_UNGUARDED_AVAILABILITY = YES_AGGRESSIVE;
				CLANG_WARN_UNREACHABLE_CODE = YES;
				CLANG_WARN__DUPLICATE_METHOD_MATCH = YES;
				CODE_SIGN_IDENTITY = "iPhone Developer";
				COPY_PHASE_STRIP = NO;
				DEBUG_INFORMATION_FORMAT = dwarf;
				ENABLE_STRICT_OBJC_MSGSEND = YES;
				ENABLE_TESTABILITY = YES;
				GCC_C_LANGUAGE_STANDARD = gnu11;
				GCC_DYNAMIC_NO_PIC = NO;
				GCC_NO_COMMON_BLOCKS = YES;
				GCC_OPTIMIZATION_LEVEL = 0;
				GCC_PREPROCESSOR_DEFINITIONS = (
					"DEBUG=1",
					"$(inherited)",
				);
				GCC_WARN_64_TO_32_BIT_CONVERSION = YES;
				GCC_WARN_ABOUT_RETURN_TYPE = YES_ERROR;
				GCC_WARN_UNDECLARED_SELECTOR = YES;
				GCC_WARN_UNINITIALIZED_AUTOS = YES_AGGRESSIVE;
				GCC_WARN_UNUSED_FUNCTION = YES;
				GCC_WARN_UNUSED_VARIABLE = YES;
				IPHONEOS_DEPLOYMENT_TARGET = 11.0;
				MTL_ENABLE_DEBUG_INFO = YES;
				ONLY_ACTIVE_ARCH = YES;
				SDKROOT = iphoneos;
				SWIFT_ACTIVE_COMPILATION_CONDITIONS = DEBUG;
				SWIFT_OPTIMIZATION_LEVEL = "-Onone";
			};
			name = Debug;
		};
		423CA2DE1F8E061400EA0756 /* Release */ = {
			isa = XCBuildConfiguration;
			buildSettings = {
				ALWAYS_SEARCH_USER_PATHS = NO;
				CLANG_ANALYZER_NONNULL = YES;
				CLANG_ANALYZER_NUMBER_OBJECT_CONVERSION = YES_AGGRESSIVE;
				CLANG_CXX_LANGUAGE_STANDARD = "gnu++14";
				CLANG_CXX_LIBRARY = "libc++";
				CLANG_ENABLE_MODULES = YES;
				CLANG_ENABLE_OBJC_ARC = YES;
				CLANG_WARN_BLOCK_CAPTURE_AUTORELEASING = YES;
				CLANG_WARN_BOOL_CONVERSION = YES;
				CLANG_WARN_COMMA = YES;
				CLANG_WARN_CONSTANT_CONVERSION = YES;
				CLANG_WARN_DIRECT_OBJC_ISA_USAGE = YES_ERROR;
				CLANG_WARN_DOCUMENTATION_COMMENTS = YES;
				CLANG_WARN_EMPTY_BODY = YES;
				CLANG_WARN_ENUM_CONVERSION = YES;
				CLANG_WARN_INFINITE_RECURSION = YES;
				CLANG_WARN_INT_CONVERSION = YES;
				CLANG_WARN_NON_LITERAL_NULL_CONVERSION = YES;
				CLANG_WARN_OBJC_LITERAL_CONVERSION = YES;
				CLANG_WARN_OBJC_ROOT_CLASS = YES_ERROR;
				CLANG_WARN_RANGE_LOOP_ANALYSIS = YES;
				CLANG_WARN_STRICT_PROTOTYPES = YES;
				CLANG_WARN_SUSPICIOUS_MOVE = YES;
				CLANG_WARN_UNGUARDED_AVAILABILITY = YES_AGGRESSIVE;
				CLANG_WARN_UNREACHABLE_CODE = YES;
				CLANG_WARN__DUPLICATE_METHOD_MATCH = YES;
				CODE_SIGN_IDENTITY = "iPhone Developer";
				COPY_PHASE_STRIP = NO;
				DEBUG_INFORMATION_FORMAT = "dwarf-with-dsym";
				ENABLE_NS_ASSERTIONS = NO;
				ENABLE_STRICT_OBJC_MSGSEND = YES;
				GCC_C_LANGUAGE_STANDARD = gnu11;
				GCC_NO_COMMON_BLOCKS = YES;
				GCC_WARN_64_TO_32_BIT_CONVERSION = YES;
				GCC_WARN_ABOUT_RETURN_TYPE = YES_ERROR;
				GCC_WARN_UNDECLARED_SELECTOR = YES;
				GCC_WARN_UNINITIALIZED_AUTOS = YES_AGGRESSIVE;
				GCC_WARN_UNUSED_FUNCTION = YES;
				GCC_WARN_UNUSED_VARIABLE = YES;
				IPHONEOS_DEPLOYMENT_TARGET = 11.0;
				MTL_ENABLE_DEBUG_INFO = NO;
				SDKROOT = iphoneos;
				SWIFT_OPTIMIZATION_LEVEL = "-Owholemodule";
				VALIDATE_PRODUCT = YES;
			};
			name = Release;
		};
		423CA2E01F8E061400EA0756 /* Debug */ = {
			isa = XCBuildConfiguration;
			buildSettings = {
				ASSETCATALOG_COMPILER_APPICON_NAME = AppIcon;
				CODE_SIGN_STYLE = Automatic;
				INFOPLIST_FILE = "12_swift基础UI练习/Info.plist";
				LD_RUNPATH_SEARCH_PATHS = "$(inherited) @executable_path/Frameworks";
				PRODUCT_BUNDLE_IDENTIFIER = "www.gjfax.com.-2-swift--UI--";
				PRODUCT_NAME = "$(TARGET_NAME)";
				SWIFT_VERSION = 4.0;
				TARGETED_DEVICE_FAMILY = "1,2";
			};
			name = Debug;
		};
		423CA2E11F8E061400EA0756 /* Release */ = {
			isa = XCBuildConfiguration;
			buildSettings = {
				ASSETCATALOG_COMPILER_APPICON_NAME = AppIcon;
				CODE_SIGN_STYLE = Automatic;
				INFOPLIST_FILE = "12_swift基础UI练习/Info.plist";
				LD_RUNPATH_SEARCH_PATHS = "$(inherited) @executable_path/Frameworks";
				PRODUCT_BUNDLE_IDENTIFIER = "www.gjfax.com.-2-swift--UI--";
				PRODUCT_NAME = "$(TARGET_NAME)";
				SWIFT_VERSION = 4.0;
				TARGETED_DEVICE_FAMILY = "1,2";
			};
			name = Release;
		};
		423CA2E31F8E061400EA0756 /* Debug */ = {
			isa = XCBuildConfiguration;
			buildSettings = {
				ALWAYS_EMBED_SWIFT_STANDARD_LIBRARIES = YES;
				BUNDLE_LOADER = "$(TEST_HOST)";
				CODE_SIGN_STYLE = Automatic;
				INFOPLIST_FILE = "12_swift基础UI练习Tests/Info.plist";
				LD_RUNPATH_SEARCH_PATHS = "$(inherited) @executable_path/Frameworks @loader_path/Frameworks";
				PRODUCT_BUNDLE_IDENTIFIER = "www.gjfax.com.-2-swift--UI--Tests";
				PRODUCT_NAME = "$(TARGET_NAME)";
				SWIFT_VERSION = 4.0;
				TARGETED_DEVICE_FAMILY = "1,2";
				TEST_HOST = "$(BUILT_PRODUCTS_DIR)/12_swift基础UI练习.app/12_swift基础UI练习";
			};
			name = Debug;
		};
		423CA2E41F8E061400EA0756 /* Release */ = {
			isa = XCBuildConfiguration;
			buildSettings = {
				ALWAYS_EMBED_SWIFT_STANDARD_LIBRARIES = YES;
				BUNDLE_LOADER = "$(TEST_HOST)";
				CODE_SIGN_STYLE = Automatic;
				INFOPLIST_FILE = "12_swift基础UI练习Tests/Info.plist";
				LD_RUNPATH_SEARCH_PATHS = "$(inherited) @executable_path/Frameworks @loader_path/Frameworks";
				PRODUCT_BUNDLE_IDENTIFIER = "www.gjfax.com.-2-swift--UI--Tests";
				PRODUCT_NAME = "$(TARGET_NAME)";
				SWIFT_VERSION = 4.0;
				TARGETED_DEVICE_FAMILY = "1,2";
				TEST_HOST = "$(BUILT_PRODUCTS_DIR)/12_swift基础UI练习.app/12_swift基础UI练习";
			};
			name = Release;
		};
		423CA2E61F8E061400EA0756 /* Debug */ = {
			isa = XCBuildConfiguration;
			buildSettings = {
				ALWAYS_EMBED_SWIFT_STANDARD_LIBRARIES = YES;
				CODE_SIGN_STYLE = Automatic;
				INFOPLIST_FILE = "12_swift基础UI练习UITests/Info.plist";
				LD_RUNPATH_SEARCH_PATHS = "$(inherited) @executable_path/Frameworks @loader_path/Frameworks";
				PRODUCT_BUNDLE_IDENTIFIER = "www.gjfax.com.-2-swift--UI--UITests";
				PRODUCT_NAME = "$(TARGET_NAME)";
				SWIFT_VERSION = 4.0;
				TARGETED_DEVICE_FAMILY = "1,2";
				TEST_TARGET_NAME = "12_swift基础UI练习";
			};
			name = Debug;
		};
		423CA2E71F8E061400EA0756 /* Release */ = {
			isa = XCBuildConfiguration;
			buildSettings = {
				ALWAYS_EMBED_SWIFT_STANDARD_LIBRARIES = YES;
				CODE_SIGN_STYLE = Automatic;
				INFOPLIST_FILE = "12_swift基础UI练习UITests/Info.plist";
				LD_RUNPATH_SEARCH_PATHS = "$(inherited) @executable_path/Frameworks @loader_path/Frameworks";
				PRODUCT_BUNDLE_IDENTIFIER = "www.gjfax.com.-2-swift--UI--UITests";
				PRODUCT_NAME = "$(TARGET_NAME)";
				SWIFT_VERSION = 4.0;
				TARGETED_DEVICE_FAMILY = "1,2";
				TEST_TARGET_NAME = "12_swift基础UI练习";
			};
			name = Release;
		};
/* End XCBuildConfiguration section */

/* Begin XCConfigurationList section */
		423CA2B21F8E061400EA0756 /* Build configuration list for PBXProject "12_swift基础UI练习" */ = {
			isa = XCConfigurationList;
			buildConfigurations = (
				423CA2DD1F8E061400EA0756 /* Debug */,
				423CA2DE1F8E061400EA0756 /* Release */,
			);
			defaultConfigurationIsVisible = 0;
			defaultConfigurationName = Release;
		};
		423CA2DF1F8E061400EA0756 /* Build configuration list for PBXNativeTarget "12_swift基础UI练习" */ = {
			isa = XCConfigurationList;
			buildConfigurations = (
				423CA2E01F8E061400EA0756 /* Debug */,
				423CA2E11F8E061400EA0756 /* Release */,
			);
			defaultConfigurationIsVisible = 0;
			defaultConfigurationName = Release;
		};
		423CA2E21F8E061400EA0756 /* Build configuration list for PBXNativeTarget "12_swift基础UI练习Tests" */ = {
			isa = XCConfigurationList;
			buildConfigurations = (
				423CA2E31F8E061400EA0756 /* Debug */,
				423CA2E41F8E061400EA0756 /* Release */,
			);
			defaultConfigurationIsVisible = 0;
			defaultConfigurationName = Release;
		};
		423CA2E51F8E061400EA0756 /* Build configuration list for PBXNativeTarget "12_swift基础UI练习UITests" */ = {
			isa = XCConfigurationList;
			buildConfigurations = (
				423CA2E61F8E061400EA0756 /* Debug */,
				423CA2E71F8E061400EA0756 /* Release */,
			);
			defaultConfigurationIsVisible = 0;
			defaultConfigurationName = Release;
		};
/* End XCConfigurationList section */
	};
	rootObject = 423CA2AF1F8E061400EA0756 /* Project object */;
}
